{
  "version": "5",
  "specifiers": {
    "jsr:@mewhhaha/baba@6.1.0": "6.1.0",
    "jsr:@mewhhaha/typeclasses@~0.5.2": "0.5.2",
    "npm:typescript@5.9.3": "5.9.3"
  },
  "jsr": {
    "@mewhhaha/baba@6.1.0": {
      "integrity": "b33c190bff560c41a20af553302c6b3745ddf06fbc263f40d2ab8aedcfc54f76"
    },
    "@mewhhaha/typeclasses@0.5.2": {
      "integrity": "0e853aae75065735a1879eb62c24d6e9ae7c826e9c4cf892cec559ee47182cae",
      "dependencies": [
        "npm:typescript"
      ]
    }
  },
  "npm": {
    "typescript@5.9.3": {
      "integrity": "sha512-jl1vZzPDinLr9eUt3J/t7V6FgNEw9QjvBPdysz9KfQDD41fQrC2Y4vKQdiaUpFT4bXlb1RHhLpp8wtm6M5TgSw==",
      "bin": true
    }
  },
  "workspace": {
    "dependencies": [
      "jsr:@mewhhaha/baba@6.1.0",
      "jsr:@mewhhaha/typeclasses@~0.5.2"
    ]
  }
}
